
Microsoft Visual Studio Solution File, Format Version 12.00
# Visual Studio Version 16
VisualStudioVersion = 16.0.30413.136
MinimumVisualStudioVersion = 10.0.40219.1
Project("{FAE04EC0-301F-11D3-BF4B-00C04F79EFBC}") = "FirstWebWithWCF", "FirstWebWithWCF\FirstWebWithWCF.csproj", "{40BCD128-571C-4885-AFB1-112DDD1B4E49}"
EndProject
Global
	GlobalSection(SolutionConfigurationPlatforms) = preSolution
		Debug|Any CPU = Debug|Any CPU
		Release|Any CPU = Release|Any CPU
	EndGlobalSection
	GlobalSection(ProjectConfigurationPlatforms) = postSolution
		{40BCD128-571C-4885-AFB1-112DDD1B4E49}.Debug|Any CPU.ActiveCfg = Debug|Any CPU
		{40BCD128-571C-4885-AFB1-112DDD1B4E49}.Debug|Any CPU.Build.0 = Debug|Any CPU
		{40BCD128-571C-4885-AFB1-112DDD1B4E49}.Release|Any CPU.ActiveCfg = Release|Any CPU
		{40BCD128-571C-4885-AFB1-112DDD1B4E49}.Release|Any CPU.Build.0 = Release|Any CPU
	EndGlobalSection
	GlobalSection(SolutionProperties) = preSolution
		HideSolutionNode = FALSE
	EndGlobalSection
	GlobalSection(ExtensibilityGlobals) = postSolution
		SolutionGuid = {BD0F2D46-EBB0-425D-9FFC-4E78D4CC5299}
	EndGlobalSection
EndGlobal
